
Microsoft Visual Studio Solution File, Format Version 12.00
# Visual Studio Version 17
VisualStudioVersion = 17.9.34728.123
MinimumVisualStudioVersion = 10.0.40219.1
Project("{9A19103F-16F7-4668-BE54-9A1E7A4F7556}") = "AlCoMa", "AlCoMa\AlCoMa.csproj", "{BDC8D7A4-284F-4B57-8BB3-A15DDD1A97BD}"
EndProject
Global
	GlobalSection(SolutionConfigurationPlatforms) = preSolution
		Debug|Any CPU = Debug|Any CPU
		Release|Any CPU = Release|Any CPU
	EndGlobalSection
	GlobalSection(ProjectConfigurationPlatforms) = postSolution
		{BDC8D7A4-284F-4B57-8BB3-A15DDD1A97BD}.Debug|Any CPU.ActiveCfg = Debug|Any CPU
		{BDC8D7A4-284F-4B57-8BB3-A15DDD1A97BD}.Debug|Any CPU.Build.0 = Debug|Any CPU
		{BDC8D7A4-284F-4B57-8BB3-A15DDD1A97BD}.Release|Any CPU.ActiveCfg = Release|Any CPU
		{BDC8D7A4-284F-4B57-8BB3-A15DDD1A97BD}.Release|Any CPU.Build.0 = Release|Any CPU
	EndGlobalSection
	GlobalSection(SolutionProperties) = preSolution
		HideSolutionNode = FALSE
	EndGlobalSection
	GlobalSection(ExtensibilityGlobals) = postSolution
		SolutionGuid = {4DE7EF68-3336-4149-BCFB-2C034D6A824E}
	EndGlobalSection
EndGlobal
